
Microsoft Visual Studio Solution File, Format Version 12.00
# Visual Studio Version 17
VisualStudioVersion = 17.6.33712.159
MinimumVisualStudioVersion = 10.0.40219.1
Project("{FAE04EC0-301F-11D3-BF4B-00C04F79EFBC}") = "AtosPersonalFinance_API", "AtosPersonalFinance_API\AtosPersonalFinance_API.csproj", "{D9E67441-C380-4993-8B06-C47ABAAB2338}"
EndProject
Global
	GlobalSection(SolutionConfigurationPlatforms) = preSolution
		Debug|Any CPU = Debug|Any CPU
		Release|Any CPU = Release|Any CPU
	EndGlobalSection
	GlobalSection(ProjectConfigurationPlatforms) = postSolution
		{D9E67441-C380-4993-8B06-C47ABAAB2338}.Debug|Any CPU.ActiveCfg = Debug|Any CPU
		{D9E67441-C380-4993-8B06-C47ABAAB2338}.Debug|Any CPU.Build.0 = Debug|Any CPU
		{D9E67441-C380-4993-8B06-C47ABAAB2338}.Release|Any CPU.ActiveCfg = Release|Any CPU
		{D9E67441-C380-4993-8B06-C47ABAAB2338}.Release|Any CPU.Build.0 = Release|Any CPU
	EndGlobalSection
	GlobalSection(SolutionProperties) = preSolution
		HideSolutionNode = FALSE
	EndGlobalSection
	GlobalSection(ExtensibilityGlobals) = postSolution
		SolutionGuid = {9F7F29BF-99EC-4DB7-B4F7-4FF8944ED1C7}
	EndGlobalSection
EndGlobal
